
Microsoft Visual Studio Solution File, Format Version 12.00
# Visual Studio Version 17
VisualStudioVersion = 17.14.36811.4
MinimumVisualStudioVersion = 10.0.40219.1
Project("{FAE04EC0-301F-11D3-BF4B-00C04F79EFBC}") = "case1", "case1\case1.csproj", "{1A33399D-C1C6-4067-ADDC-B23593081878}"
EndProject
Project("{FAE04EC0-301F-11D3-BF4B-00C04F79EFBC}") = "case1.Tests", "case1.Tests\case1.Tests.csproj", "{FC7DE5E3-7FEF-48D6-923D-2A68A9D66ACA}"
EndProject
Global
	GlobalSection(SolutionConfigurationPlatforms) = preSolution
		Debug|Any CPU = Debug|Any CPU
		Debug|x64 = Debug|x64
		Debug|x86 = Debug|x86
		Release|Any CPU = Release|Any CPU
		Release|x64 = Release|x64
		Release|x86 = Release|x86
	EndGlobalSection
	GlobalSection(ProjectConfigurationPlatforms) = postSolution
		{1A33399D-C1C6-4067-ADDC-B23593081878}.Debug|Any CPU.ActiveCfg = Debug|Any CPU
		{1A33399D-C1C6-4067-ADDC-B23593081878}.Debug|Any CPU.Build.0 = Debug|Any CPU
		{1A33399D-C1C6-4067-ADDC-B23593081878}.Debug|x64.ActiveCfg = Debug|Any CPU
		{1A33399D-C1C6-4067-ADDC-B23593081878}.Debug|x64.Build.0 = Debug|Any CPU
		{1A33399D-C1C6-4067-ADDC-B23593081878}.Debug|x86.ActiveCfg = Debug|Any CPU
		{1A33399D-C1C6-4067-ADDC-B23593081878}.Debug|x86.Build.0 = Debug|Any CPU
		{1A33399D-C1C6-4067-ADDC-B23593081878}.Release|Any CPU.ActiveCfg = Release|Any CPU
		{1A33399D-C1C6-4067-ADDC-B23593081878}.Release|Any CPU.Build.0 = Release|Any CPU
		{1A33399D-C1C6-4067-ADDC-B23593081878}.Release|x64.ActiveCfg = Release|Any CPU
		{1A33399D-C1C6-4067-ADDC-B23593081878}.Release|x64.Build.0 = Release|Any CPU
		{1A33399D-C1C6-4067-ADDC-B23593081878}.Release|x86.ActiveCfg = Release|Any CPU
		{1A33399D-C1C6-4067-ADDC-B23593081878}.Release|x86.Build.0 = Release|Any CPU
		{FC7DE5E3-7FEF-48D6-923D-2A68A9D66ACA}.Debug|Any CPU.ActiveCfg = Debug|Any CPU
		{FC7DE5E3-7FEF-48D6-923D-2A68A9D66ACA}.Debug|Any CPU.Build.0 = Debug|Any CPU
		{FC7DE5E3-7FEF-48D6-923D-2A68A9D66ACA}.Debug|x64.ActiveCfg = Debug|Any CPU
		{FC7DE5E3-7FEF-48D6-923D-2A68A9D66ACA}.Debug|x64.Build.0 = Debug|Any CPU
		{FC7DE5E3-7FEF-48D6-923D-2A68A9D66ACA}.Debug|x86.ActiveCfg = Debug|Any CPU
		{FC7DE5E3-7FEF-48D6-923D-2A68A9D66ACA}.Debug|x86.Build.0 = Debug|Any CPU
		{FC7DE5E3-7FEF-48D6-923D-2A68A9D66ACA}.Release|Any CPU.ActiveCfg = Release|Any CPU
		{FC7DE5E3-7FEF-48D6-923D-2A68A9D66ACA}.Release|Any CPU.Build.0 = Release|Any CPU
		{FC7DE5E3-7FEF-48D6-923D-2A68A9D66ACA}.Release|x64.ActiveCfg = Release|Any CPU
		{FC7DE5E3-7FEF-48D6-923D-2A68A9D66ACA}.Release|x64.Build.0 = Release|Any CPU
		{FC7DE5E3-7FEF-48D6-923D-2A68A9D66ACA}.Release|x86.ActiveCfg = Release|Any CPU
		{FC7DE5E3-7FEF-48D6-923D-2A68A9D66ACA}.Release|x86.Build.0 = Release|Any CPU
	EndGlobalSection
	GlobalSection(SolutionProperties) = preSolution
		HideSolutionNode = FALSE
	EndGlobalSection
	GlobalSection(ExtensibilityGlobals) = postSolution
		SolutionGuid = {1958714E-5425-4130-A9C7-6C862E1246EE}
	EndGlobalSection
EndGlobal
